{
  "name": "practice-ui",
  "version": "1.0.0",
  "lockfileVersion": 1,
  "requires": true,
  "dependencies": {
    "bootstrap": {
      "version": "4.5.2",
      "resolved": "https://registry.npmjs.org/bootstrap/-/bootstrap-4.5.2.tgz",
      "integrity": "sha512-vlGn0bcySYl/iV+BGA544JkkZP5LB3jsmkeKLFQakCOwCM3AOk7VkldBz4jrzSe+Z0Ezn99NVXa1o45cQY4R6A=="
    },
    "idx": {
      "version": "2.5.6",
      "resolved": "https://registry.npmjs.org/idx/-/idx-2.5.6.tgz",
      "integrity": "sha512-WFXLF7JgPytbMgelpRY46nHz5tyDcedJ76pLV+RJWdb8h33bxFq4bdZau38DhNSzk5eVniBf1K3jwfK+Lb5nYA=="
    }
  }
}
